
Microsoft Visual Studio Solution File, Format Version 12.00
# Visual Studio 14
VisualStudioVersion = 14.0.25420.1
MinimumVisualStudioVersion = 10.0.40219.1
Project("{FAE04EC0-301F-11D3-BF4B-00C04F79EFBC}") = "Test", "Test\Test.csproj", "{3040B66C-1218-4691-BE2A-36AF84EFC270}"
EndProject
Project("{FAE04EC0-301F-11D3-BF4B-00C04F79EFBC}") = "LinqToNest", "LinqToNest\LinqToNest.csproj", "{27F4BDFC-B44F-460D-AD94-40877BACD53F}"
EndProject
Project("{FAE04EC0-301F-11D3-BF4B-00C04F79EFBC}") = "HttpClient", "HttpClient\HttpClient.csproj", "{FA8F7F7E-150D-479E-BE6E-3B967F5AE8DB}"
EndProject
Global
	GlobalSection(SolutionConfigurationPlatforms) = preSolution
		Debug|Any CPU = Debug|Any CPU
		Release|Any CPU = Release|Any CPU
	EndGlobalSection
	GlobalSection(ProjectConfigurationPlatforms) = postSolution
		{3040B66C-1218-4691-BE2A-36AF84EFC270}.Debug|Any CPU.ActiveCfg = Debug|Any CPU
		{3040B66C-1218-4691-BE2A-36AF84EFC270}.Debug|Any CPU.Build.0 = Debug|Any CPU
		{3040B66C-1218-4691-BE2A-36AF84EFC270}.Release|Any CPU.ActiveCfg = Release|Any CPU
		{3040B66C-1218-4691-BE2A-36AF84EFC270}.Release|Any CPU.Build.0 = Release|Any CPU
		{27F4BDFC-B44F-460D-AD94-40877BACD53F}.Debug|Any CPU.ActiveCfg = Debug|Any CPU
		{27F4BDFC-B44F-460D-AD94-40877BACD53F}.Debug|Any CPU.Build.0 = Debug|Any CPU
		{27F4BDFC-B44F-460D-AD94-40877BACD53F}.Release|Any CPU.ActiveCfg = Release|Any CPU
		{27F4BDFC-B44F-460D-AD94-40877BACD53F}.Release|Any CPU.Build.0 = Release|Any CPU
		{FA8F7F7E-150D-479E-BE6E-3B967F5AE8DB}.Debug|Any CPU.ActiveCfg = Debug|Any CPU
		{FA8F7F7E-150D-479E-BE6E-3B967F5AE8DB}.Debug|Any CPU.Build.0 = Debug|Any CPU
		{FA8F7F7E-150D-479E-BE6E-3B967F5AE8DB}.Release|Any CPU.ActiveCfg = Release|Any CPU
		{FA8F7F7E-150D-479E-BE6E-3B967F5AE8DB}.Release|Any CPU.Build.0 = Release|Any CPU
	EndGlobalSection
	GlobalSection(SolutionProperties) = preSolution
		HideSolutionNode = FALSE
	EndGlobalSection
EndGlobal
